Microsoft Visual Studio Solution File, Format Version 12.00
# Visual Studio Version 17
VisualStudioVersion = 17.5.2.0
MinimumVisualStudioVersion = 10.0.40219.1
Project("{2150E333-8FDC-42A3-9474-1A3956D46DE8}") = "backend", "backend", "{1AE8ACA6-933B-BF2A-3671-3E2EAC007D16}"
EndProject
Project("{FAE04EC0-301F-11D3-BF4B-00C04F79EFBC}") = "ScoreTrack.api", "backend\ScoreTrack.api\ScoreTrack.api.csproj", "{8B5078BD-9382-7DFF-8F2F-5E81D7852C9E}"
EndProject
Global
	GlobalSection(SolutionConfigurationPlatforms) = preSolution
		Debug|Any CPU = Debug|Any CPU
		Release|Any CPU = Release|Any CPU
	EndGlobalSection
	GlobalSection(ProjectConfigurationPlatforms) = postSolution
		{8B5078BD-9382-7DFF-8F2F-5E81D7852C9E}.Debug|Any CPU.ActiveCfg = Debug|Any CPU
		{8B5078BD-9382-7DFF-8F2F-5E81D7852C9E}.Debug|Any CPU.Build.0 = Debug|Any CPU
		{8B5078BD-9382-7DFF-8F2F-5E81D7852C9E}.Release|Any CPU.ActiveCfg = Release|Any CPU
		{8B5078BD-9382-7DFF-8F2F-5E81D7852C9E}.Release|Any CPU.Build.0 = Release|Any CPU
	EndGlobalSection
	GlobalSection(SolutionProperties) = preSolution
		HideSolutionNode = FALSE
	EndGlobalSection
	GlobalSection(NestedProjects) = preSolution
		{8B5078BD-9382-7DFF-8F2F-5E81D7852C9E} = {1AE8ACA6-933B-BF2A-3671-3E2EAC007D16}
	EndGlobalSection
	GlobalSection(ExtensibilityGlobals) = postSolution
		SolutionGuid = {309FE5DC-248D-48A7-8BA4-8F414713B44E}
	EndGlobalSection
EndGlobal
